
Microsoft Visual Studio Solution File, Format Version 12.00
# Visual Studio Version 17
VisualStudioVersion = 17.9.34622.214
MinimumVisualStudioVersion = 10.0.40219.1
Project("{FAE04EC0-301F-11D3-BF4B-00C04F79EFBC}") = "Web", "Web\Web.csproj", "{165522F7-0F84-4C44-92EB-F3F850791AE6}"
EndProject
Project("{FAE04EC0-301F-11D3-BF4B-00C04F79EFBC}") = "Core", "Core\Core.csproj", "{6E5BFCAA-E6BE-4147-A8EF-97DCDC43DCE4}"
EndProject
Project("{FAE04EC0-301F-11D3-BF4B-00C04F79EFBC}") = "Infrastructure", "Infrastructure\Infrastructure.csproj", "{81EF6025-BDDF-47BB-BA49-FE48E6420C6A}"
EndProject
Global
	GlobalSection(SolutionConfigurationPlatforms) = preSolution
		Debug|Any CPU = Debug|Any CPU
		Release|Any CPU = Release|Any CPU
	EndGlobalSection
	GlobalSection(ProjectConfigurationPlatforms) = postSolution
		{165522F7-0F84-4C44-92EB-F3F850791AE6}.Debug|Any CPU.ActiveCfg = Debug|Any CPU
		{165522F7-0F84-4C44-92EB-F3F850791AE6}.Debug|Any CPU.Build.0 = Debug|Any CPU
		{165522F7-0F84-4C44-92EB-F3F850791AE6}.Release|Any CPU.ActiveCfg = Release|Any CPU
		{165522F7-0F84-4C44-92EB-F3F850791AE6}.Release|Any CPU.Build.0 = Release|Any CPU
		{6E5BFCAA-E6BE-4147-A8EF-97DCDC43DCE4}.Debug|Any CPU.ActiveCfg = Debug|Any CPU
		{6E5BFCAA-E6BE-4147-A8EF-97DCDC43DCE4}.Debug|Any CPU.Build.0 = Debug|Any CPU
		{6E5BFCAA-E6BE-4147-A8EF-97DCDC43DCE4}.Release|Any CPU.ActiveCfg = Release|Any CPU
		{6E5BFCAA-E6BE-4147-A8EF-97DCDC43DCE4}.Release|Any CPU.Build.0 = Release|Any CPU
		{81EF6025-BDDF-47BB-BA49-FE48E6420C6A}.Debug|Any CPU.ActiveCfg = Debug|Any CPU
		{81EF6025-BDDF-47BB-BA49-FE48E6420C6A}.Debug|Any CPU.Build.0 = Debug|Any CPU
		{81EF6025-BDDF-47BB-BA49-FE48E6420C6A}.Release|Any CPU.ActiveCfg = Release|Any CPU
		{81EF6025-BDDF-47BB-BA49-FE48E6420C6A}.Release|Any CPU.Build.0 = Release|Any CPU
	EndGlobalSection
	GlobalSection(SolutionProperties) = preSolution
		HideSolutionNode = FALSE
	EndGlobalSection
	GlobalSection(ExtensibilityGlobals) = postSolution
		SolutionGuid = {05A9DEE5-C03D-40B7-ACD4-65891BD7E891}
	EndGlobalSection
EndGlobal
